
Microsoft Visual Studio Solution File, Format Version 12.00
# Visual Studio Version 17
VisualStudioVersion = 17.0.32112.339
MinimumVisualStudioVersion = 10.0.40219.1
Project("{9A19103F-16F7-4668-BE54-9A1E7A4F7556}") = "CrazyToys.Web", "CrazyToys\CrazyToys.Web.csproj", "{4D63B620-857A-468A-8907-A8E4587832F0}"
	ProjectSection(ProjectDependencies) = postProject
		{F784C108-878E-4916-8E39-CEC0208DAAFE} = {F784C108-878E-4916-8E39-CEC0208DAAFE}
		{52CA9499-085B-4A40-924F-8B3324744026} = {52CA9499-085B-4A40-924F-8B3324744026}
		{AE035BC6-8984-4B9F-B983-F3E308338416} = {AE035BC6-8984-4B9F-B983-F3E308338416}
	EndProjectSection
EndProject
Project("{9A19103F-16F7-4668-BE54-9A1E7A4F7556}") = "CrazyToys.Interfaces", "CrazyToys.Interfaces\CrazyToys.Interfaces.csproj", "{52CA9499-085B-4A40-924F-8B3324744026}"
EndProject
Project("{9A19103F-16F7-4668-BE54-9A1E7A4F7556}") = "CrazyToys.Services", "CrazyToys.Services\CrazyToys.Services.csproj", "{AE035BC6-8984-4B9F-B983-F3E308338416}"
EndProject
Project("{9A19103F-16F7-4668-BE54-9A1E7A4F7556}") = "CrazyToys.Entities", "CrazyToys.Entities\CrazyToys.Entities.csproj", "{638DD57E-4F56-46B2-883A-3740F5842B42}"
EndProject
Project("{9A19103F-16F7-4668-BE54-9A1E7A4F7556}") = "CrazyToys.Data", "CrazyToys.Data\CrazyToys.Data.csproj", "{F784C108-878E-4916-8E39-CEC0208DAAFE}"
	ProjectSection(ProjectDependencies) = postProject
		{638DD57E-4F56-46B2-883A-3740F5842B42} = {638DD57E-4F56-46B2-883A-3740F5842B42}
	EndProjectSection
EndProject
Global
	GlobalSection(SolutionConfigurationPlatforms) = preSolution
		Debug|Any CPU = Debug|Any CPU
		Release|Any CPU = Release|Any CPU
	EndGlobalSection
	GlobalSection(ProjectConfigurationPlatforms) = postSolution
		{4D63B620-857A-468A-8907-A8E4587832F0}.Debug|Any CPU.ActiveCfg = Debug|Any CPU
		{4D63B620-857A-468A-8907-A8E4587832F0}.Debug|Any CPU.Build.0 = Debug|Any CPU
		{4D63B620-857A-468A-8907-A8E4587832F0}.Release|Any CPU.ActiveCfg = Release|Any CPU
		{4D63B620-857A-468A-8907-A8E4587832F0}.Release|Any CPU.Build.0 = Release|Any CPU
		{52CA9499-085B-4A40-924F-8B3324744026}.Debug|Any CPU.ActiveCfg = Debug|Any CPU
		{52CA9499-085B-4A40-924F-8B3324744026}.Debug|Any CPU.Build.0 = Debug|Any CPU
		{52CA9499-085B-4A40-924F-8B3324744026}.Release|Any CPU.ActiveCfg = Release|Any CPU
		{52CA9499-085B-4A40-924F-8B3324744026}.Release|Any CPU.Build.0 = Release|Any CPU
		{AE035BC6-8984-4B9F-B983-F3E308338416}.Debug|Any CPU.ActiveCfg = Debug|Any CPU
		{AE035BC6-8984-4B9F-B983-F3E308338416}.Debug|Any CPU.Build.0 = Debug|Any CPU
		{AE035BC6-8984-4B9F-B983-F3E308338416}.Release|Any CPU.ActiveCfg = Release|Any CPU
		{AE035BC6-8984-4B9F-B983-F3E308338416}.Release|Any CPU.Build.0 = Release|Any CPU
		{638DD57E-4F56-46B2-883A-3740F5842B42}.Debug|Any CPU.ActiveCfg = Debug|Any CPU
		{638DD57E-4F56-46B2-883A-3740F5842B42}.Debug|Any CPU.Build.0 = Debug|Any CPU
		{638DD57E-4F56-46B2-883A-3740F5842B42}.Release|Any CPU.ActiveCfg = Release|Any CPU
		{638DD57E-4F56-46B2-883A-3740F5842B42}.Release|Any CPU.Build.0 = Release|Any CPU
		{F784C108-878E-4916-8E39-CEC0208DAAFE}.Debug|Any CPU.ActiveCfg = Debug|Any CPU
		{F784C108-878E-4916-8E39-CEC0208DAAFE}.Debug|Any CPU.Build.0 = Debug|Any CPU
		{F784C108-878E-4916-8E39-CEC0208DAAFE}.Release|Any CPU.ActiveCfg = Release|Any CPU
		{F784C108-878E-4916-8E39-CEC0208DAAFE}.Release|Any CPU.Build.0 = Release|Any CPU
	EndGlobalSection
	GlobalSection(SolutionProperties) = preSolution
		HideSolutionNode = FALSE
	EndGlobalSection
	GlobalSection(ExtensibilityGlobals) = postSolution
		SolutionGuid = {6D1E7B41-2224-4B97-8919-D014775BC1C9}
	EndGlobalSection
EndGlobal
